
Microsoft Visual Studio Solution File, Format Version 12.00
# Visual Studio 15
VisualStudioVersion = 15.0.28010.2003
MinimumVisualStudioVersion = 10.0.40219.1
Project("{FAE04EC0-301F-11D3-BF4B-00C04F79EFBC}") = "Assignment 01", "Assignment 01\Assignment 01.csproj", "{4FA2C9A9-F7DA-4099-AE21-89122387CB36}"
EndProject
Global
	GlobalSection(SolutionConfigurationPlatforms) = preSolution
		Debug|Any CPU = Debug|Any CPU
		Release|Any CPU = Release|Any CPU
	EndGlobalSection
	GlobalSection(ProjectConfigurationPlatforms) = postSolution
		{4FA2C9A9-F7DA-4099-AE21-89122387CB36}.Debug|Any CPU.ActiveCfg = Debug|Any CPU
		{4FA2C9A9-F7DA-4099-AE21-89122387CB36}.Debug|Any CPU.Build.0 = Debug|Any CPU
		{4FA2C9A9-F7DA-4099-AE21-89122387CB36}.Release|Any CPU.ActiveCfg = Release|Any CPU
		{4FA2C9A9-F7DA-4099-AE21-89122387CB36}.Release|Any CPU.Build.0 = Release|Any CPU
	EndGlobalSection
	GlobalSection(SolutionProperties) = preSolution
		HideSolutionNode = FALSE
	EndGlobalSection
	GlobalSection(ExtensibilityGlobals) = postSolution
		SolutionGuid = {CB75EFF0-871E-471C-BDA8-DE94A5828F3E}
	EndGlobalSection
EndGlobal
